// !$*UTF8*$!
{
	archiveVersion = 1;
	classes = {
	};
	objectVersion = 46;
	objects = {

/* Begin PBXAggregateTarget section */
		3D7EC2EBFD4F4F0C935DE72D /* ALL_BUILD */ = {
			isa = PBXAggregateTarget;
			buildConfigurationList = 21865F2812C74E6596C729A2 /* Build configuration list for PBXAggregateTarget "ALL_BUILD" */;
			buildPhases = (
				578CF549FBF14A68AC25DC61 /* CMake Rules */,
			);
			dependencies = (
				1E5F822BB139491ABA9CECCF /* PBXTargetDependency */,
				30EFE3D934B44FBF9C6598CE /* PBXTargetDependency */,
			);
			name = ALL_BUILD;
			productName = ALL_BUILD;
		};
		F690617F200B43C0A823DACF /* ZERO_CHECK */ = {
			isa = PBXAggregateTarget;
			buildConfigurationList = BF86AA2AFE314D58B77AFFF8 /* Build configuration list for PBXAggregateTarget "ZERO_CHECK" */;
			buildPhases = (
				F0E9F849A3DE4AF590D972CA /* CMake Rules */,
			);
			dependencies = (
			);
			name = ZERO_CHECK;
			productName = ZERO_CHECK;
		};
/* End PBXAggregateTarget section */

/* Begin PBXBuildFile section */
		B2C21C4628414957875016C2 /* main.cpp in Sources */ = {isa = PBXBuildFile; fileRef = F5D0121FBD8F4088ABC4046C /* main.cpp */; };
		E7436228204E999800985B55 /* vehicle.cpp in Sources */ = {isa = PBXBuildFile; fileRef = E7436226204E998300985B55 /* vehicle.cpp */; };
		E7436229204E999C00985B55 /* cost.cpp in Sources */ = {isa = PBXBuildFile; fileRef = E7436225204E998200985B55 /* cost.cpp */; };
		E7BF4157204EB463004E3E5F /* behavioralplanner.cpp in Sources */ = {isa = PBXBuildFile; fileRef = E7BF4156204EB45E004E3E5F /* behavioralplanner.cpp */; };
/* End PBXBuildFile section */

/* Begin PBXContainerItemProxy section */
		31AFCEAF19CD4C54A0638399 /* PBXContainerItemProxy */ = {
			isa = PBXContainerItemProxy;
			containerPortal = ED4A0C72F9F2491DA1E5A6B8 /* Project object */;
			proxyType = 1;
			remoteGlobalIDString = F690617F200B43C0A823DACF;
			remoteInfo = ZERO_CHECK;
		};
		4BD189A4EADE410FA95E0108 /* PBXContainerItemProxy */ = {
			isa = PBXContainerItemProxy;
			containerPortal = ED4A0C72F9F2491DA1E5A6B8 /* Project object */;
			proxyType = 1;
			remoteGlobalIDString = 44D920AF51F24255B14E8890;
			remoteInfo = path_planning;
		};
		D027A2969084401CAC8CB641 /* PBXContainerItemProxy */ = {
			isa = PBXContainerItemProxy;
			containerPortal = ED4A0C72F9F2491DA1E5A6B8 /* Project object */;
			proxyType = 1;
			remoteGlobalIDString = F690617F200B43C0A823DACF;
			remoteInfo = ZERO_CHECK;
		};
/* End PBXContainerItemProxy section */

/* Begin PBXFileReference section */
		67F4751C5E48490EB1F1AC2D /* path_planning */ = {isa = PBXFileReference; explicitFileType = "compiled.mach-o.executable"; path = path_planning; sourceTree = BUILT_PRODUCTS_DIR; };
		8D2AD9884DEE469FBEDEA76C /* CMakeLists.txt */ = {isa = PBXFileReference; explicitFileType = sourcecode.text; fileEncoding = 4; lastKnownFileType = text; path = CMakeLists.txt; sourceTree = SOURCE_ROOT; };
		E7436220204E998200985B55 /* cost.h */ = {isa = PBXFileReference; fileEncoding = 4; lastKnownFileType = sourcecode.c.h; name = cost.h; path = src/cost.h; sourceTree = "<group>"; };
		E7436221204E998200985B55 /* coefficients.h */ = {isa = PBXFileReference; fileEncoding = 4; lastKnownFileType = sourcecode.c.h; name = coefficients.h; path = src/coefficients.h; sourceTree = "<group>"; };
		E7436224204E998200985B55 /* vehicle.h */ = {isa = PBXFileReference; fileEncoding = 4; lastKnownFileType = sourcecode.c.h; name = vehicle.h; path = src/vehicle.h; sourceTree = "<group>"; };
		E7436225204E998200985B55 /* cost.cpp */ = {isa = PBXFileReference; fileEncoding = 4; lastKnownFileType = sourcecode.cpp.cpp; name = cost.cpp; path = src/cost.cpp; sourceTree = "<group>"; };
		E7436226204E998300985B55 /* vehicle.cpp */ = {isa = PBXFileReference; fileEncoding = 4; lastKnownFileType = sourcecode.cpp.cpp; name = vehicle.cpp; path = src/vehicle.cpp; sourceTree = "<group>"; };
		E7BF4156204EB45E004E3E5F /* behavioralplanner.cpp */ = {isa = PBXFileReference; fileEncoding = 4; lastKnownFileType = sourcecode.cpp.cpp; name = behavioralplanner.cpp; path = src/behavioralplanner.cpp; sourceTree = "<group>"; };
		E906E4091F5E4C9C81495CBE /* CMakeLists.txt */ = {isa = PBXFileReference; explicitFileType = sourcecode.text; fileEncoding = 4; lastKnownFileType = text; path = CMakeLists.txt; sourceTree = SOURCE_ROOT; };
		F5D0121FBD8F4088ABC4046C /* main.cpp */ = {isa = PBXFileReference; explicitFileType = sourcecode.cpp.cpp; fileEncoding = 4; name = main.cpp; path = src/main.cpp; sourceTree = SOURCE_ROOT; };
		FF8298E425544F3490C47E77 /* CMakeLists.txt */ = {isa = PBXFileReference; explicitFileType = sourcecode.text; fileEncoding = 4; lastKnownFileType = text; path = CMakeLists.txt; sourceTree = SOURCE_ROOT; };
/* End PBXFileReference section */

/* Begin PBXGroup section */
		21C6EEE64BC64590AC79698C = {
			isa = PBXGroup;
			children = (
				59A5C81C0DE8494FAE78069A /* path_planning */,
				942E5A9B9292472D93A89646 /* ALL_BUILD */,
				5346A6C863E4436AA75EE42F /* CMake Rules */,
				784AD4DF652E4660BD182785 /* ZERO_CHECK */,
				CBBC3B799E6C41F4A41F56B6 /* Products */,
			);
			sourceTree = "<group>";
		};
		5346A6C863E4436AA75EE42F /* CMake Rules */ = {
			isa = PBXGroup;
			children = (
			);
			name = "CMake Rules";
			sourceTree = "<group>";
		};
		59A5C81C0DE8494FAE78069A /* path_planning */ = {
			isa = PBXGroup;
			children = (
				A198A1C7267F458E9DD77E5F /* Source Files */,
				8D2AD9884DEE469FBEDEA76C /* CMakeLists.txt */,
			);
			name = path_planning;
			sourceTree = "<group>";
		};
		784AD4DF652E4660BD182785 /* ZERO_CHECK */ = {
			isa = PBXGroup;
			children = (
				E906E4091F5E4C9C81495CBE /* CMakeLists.txt */,
			);
			name = ZERO_CHECK;
			sourceTree = "<group>";
		};
		942E5A9B9292472D93A89646 /* ALL_BUILD */ = {
			isa = PBXGroup;
			children = (
				BFE875BCA8464F14817CCA86 /* CMake Rules */,
				FF8298E425544F3490C47E77 /* CMakeLists.txt */,
			);
			name = ALL_BUILD;
			sourceTree = "<group>";
		};
		A198A1C7267F458E9DD77E5F /* Source Files */ = {
			isa = PBXGroup;
			children = (
				E7BF4156204EB45E004E3E5F /* behavioralplanner.cpp */,
				E7436221204E998200985B55 /* coefficients.h */,
				E7436225204E998200985B55 /* cost.cpp */,
				E7436220204E998200985B55 /* cost.h */,
				E7436226204E998300985B55 /* vehicle.cpp */,
				E7436224204E998200985B55 /* vehicle.h */,
				F5D0121FBD8F4088ABC4046C /* main.cpp */,
			);
			name = "Source Files";
			sourceTree = "<group>";
		};
		BFE875BCA8464F14817CCA86 /* CMake Rules */ = {
			isa = PBXGroup;
			children = (
			);
			name = "CMake Rules";
			sourceTree = "<group>";
		};
		CBBC3B799E6C41F4A41F56B6 /* Products */ = {
			isa = PBXGroup;
			children = (
				67F4751C5E48490EB1F1AC2D /* path_planning */,
			);
			name = Products;
			sourceTree = "<group>";
		};
/* End PBXGroup section */

/* Begin PBXNativeTarget section */
		44D920AF51F24255B14E8890 /* path_planning */ = {
			isa = PBXNativeTarget;
			buildConfigurationList = C3BC80FA88EA49788E74CE45 /* Build configuration list for PBXNativeTarget "path_planning" */;
			buildPhases = (
				DBEA11C407634CBEB43BBC17 /* Sources */,
			);
			buildRules = (
			);
			dependencies = (
				A2303ED35F744C3AB9F35C18 /* PBXTargetDependency */,
			);
			name = path_planning;
			productName = path_planning;
			productReference = 67F4751C5E48490EB1F1AC2D /* path_planning */;
			productType = "com.apple.product-type.tool";
		};
/* End PBXNativeTarget section */

/* Begin PBXProject section */
		ED4A0C72F9F2491DA1E5A6B8 /* Project object */ = {
			isa = PBXProject;
			attributes = {
				BuildIndependentTargetsInParallel = YES;
				LastUpgradeCheck = 0910;
			};
			buildConfigurationList = 5D8EA2B4FF0E493AB1AF5F49 /* Build configuration list for PBXProject "Path_Planning" */;
			compatibilityVersion = "Xcode 3.2";
			developmentRegion = en;
			hasScannedForEncodings = 0;
			knownRegions = (
				en,
			);
			mainGroup = 21C6EEE64BC64590AC79698C;
			projectDirPath = "";
			projectRoot = "";
			targets = (
				3D7EC2EBFD4F4F0C935DE72D /* ALL_BUILD */,
				F690617F200B43C0A823DACF /* ZERO_CHECK */,
				44D920AF51F24255B14E8890 /* path_planning */,
			);
		};
/* End PBXProject section */

/* Begin PBXShellScriptBuildPhase section */
		578CF549FBF14A68AC25DC61 /* CMake Rules */ = {
			isa = PBXShellScriptBuildPhase;
			buildActionMask = 2147483647;
			files = (
			);
			name = "CMake Rules";
			runOnlyForDeploymentPostprocessing = 0;
			shellPath = /bin/sh;
			shellScript = "make -C /Users/alan.gordon/Documents/Alan/SelfDrivingCarEngineer/Term3/Project1/CarND-Path-Planning-Project -f /Users/alan.gordon/Documents/Alan/SelfDrivingCarEngineer/Term3/Project1/CarND-Path-Planning-Project/CMakeScripts/ALL_BUILD_cmakeRulesBuildPhase.make$CONFIGURATION all";
			showEnvVarsInLog = 0;
		};
		F0E9F849A3DE4AF590D972CA /* CMake Rules */ = {
			isa = PBXShellScriptBuildPhase;
			buildActionMask = 2147483647;
			files = (
			);
			name = "CMake Rules";
			runOnlyForDeploymentPostprocessing = 0;
			shellPath = /bin/sh;
			shellScript = "make -C /Users/alan.gordon/Documents/Alan/SelfDrivingCarEngineer/Term3/Project1/CarND-Path-Planning-Project -f /Users/alan.gordon/Documents/Alan/SelfDrivingCarEngineer/Term3/Project1/CarND-Path-Planning-Project/CMakeScripts/ZERO_CHECK_cmakeRulesBuildPhase.make$CONFIGURATION all";
			showEnvVarsInLog = 0;
		};
/* End PBXShellScriptBuildPhase section */

/* Begin PBXSourcesBuildPhase section */
		DBEA11C407634CBEB43BBC17 /* Sources */ = {
			isa = PBXSourcesBuildPhase;
			buildActionMask = 2147483647;
			files = (
				B2C21C4628414957875016C2 /* main.cpp in Sources */,
				E7436228204E999800985B55 /* vehicle.cpp in Sources */,
				E7436229204E999C00985B55 /* cost.cpp in Sources */,
				E7BF4157204EB463004E3E5F /* behavioralplanner.cpp in Sources */,
			);
			runOnlyForDeploymentPostprocessing = 0;
		};
/* End PBXSourcesBuildPhase section */

/* Begin PBXTargetDependency section */
		1E5F822BB139491ABA9CECCF /* PBXTargetDependency */ = {
			isa = PBXTargetDependency;
			target = 44D920AF51F24255B14E8890 /* path_planning */;
			targetProxy = 4BD189A4EADE410FA95E0108 /* PBXContainerItemProxy */;
		};
		30EFE3D934B44FBF9C6598CE /* PBXTargetDependency */ = {
			isa = PBXTargetDependency;
			target = F690617F200B43C0A823DACF /* ZERO_CHECK */;
			targetProxy = 31AFCEAF19CD4C54A0638399 /* PBXContainerItemProxy */;
		};
		A2303ED35F744C3AB9F35C18 /* PBXTargetDependency */ = {
			isa = PBXTargetDependency;
			target = F690617F200B43C0A823DACF /* ZERO_CHECK */;
			targetProxy = D027A2969084401CAC8CB641 /* PBXContainerItemProxy */;
		};
/* End PBXTargetDependency section */

/* Begin XCBuildConfiguration section */
		0B43C756AB7F42BD92A47A12 /* Release */ = {
			isa = XCBuildConfiguration;
			buildSettings = {
				COMBINE_HIDPI_IMAGES = YES;
				EXECUTABLE_PREFIX = "";
				EXECUTABLE_SUFFIX = "";
				GCC_GENERATE_DEBUGGING_SYMBOLS = NO;
				GCC_INLINES_ARE_PRIVATE_EXTERN = NO;
				GCC_OPTIMIZATION_LEVEL = 3;
				GCC_PREPROCESSOR_DEFINITIONS = "'CMAKE_INTDIR=\"$(CONFIGURATION)$(EFFECTIVE_PLATFORM_NAME)\"'";
				GCC_SYMBOLS_PRIVATE_EXTERN = NO;
				HEADER_SEARCH_PATHS = (
					/usr/local/include,
					/usr/local/opt/openssl/include,
				);
				INSTALL_PATH = "";
				LD_RUNPATH_SEARCH_PATHS = "/usr/local/lib /usr/local/opt/openssl/lib /usr/local/Cellar/libuv/1.11.0/lib";
				LIBRARY_SEARCH_PATHS = (
					"/usr/local/lib/$(CONFIGURATION)$(EFFECTIVE_PLATFORM_NAME)",
					/usr/local/lib,
					"/usr/local/opt/openssl/lib/$(CONFIGURATION)$(EFFECTIVE_PLATFORM_NAME)",
					/usr/local/opt/openssl/lib,
					"/usr/local/Cellar/libuv/1.11.0/lib/$(CONFIGURATION)$(EFFECTIVE_PLATFORM_NAME)",
					/usr/local/Cellar/libuv/1.11.0/lib,
				);
				OTHER_CPLUSPLUSFLAGS = (
					"-DNDEBUG",
					"-std=c++11",
				);
				OTHER_LDFLAGS = (
					"-Wl,-search_paths_first",
					"-Wl,-headerpad_max_install_names",
					"-lz",
					"-lssl",
					"-luv",
					"-luWS",
				);
				OTHER_REZFLAGS = "";
				PRODUCT_NAME = path_planning;
				SECTORDER_FLAGS = "";
				SYMROOT = "/Users/alan.gordon/Documents/Alan/SelfDrivingCarEngineer/Term3/Project1/CarND-Path-Planning-Project";
				USE_HEADERMAP = NO;
				WARNING_CFLAGS = (
					"-Wmost",
					"-Wno-four-char-constants",
					"-Wno-unknown-pragmas",
					"$(inherited)",
				);
			};
			name = Release;
		};
		270A8602692D4126AFA4F2B2 /* Debug */ = {
			isa = XCBuildConfiguration;
			buildSettings = {
				COMBINE_HIDPI_IMAGES = YES;
				GCC_GENERATE_DEBUGGING_SYMBOLS = YES;
				GCC_INLINES_ARE_PRIVATE_EXTERN = NO;
				GCC_OPTIMIZATION_LEVEL = 0;
				GCC_PREPROCESSOR_DEFINITIONS = "'CMAKE_INTDIR=\"$(CONFIGURATION)$(EFFECTIVE_PLATFORM_NAME)\"'";
				GCC_SYMBOLS_PRIVATE_EXTERN = NO;
				HEADER_SEARCH_PATHS = (
					/usr/local/include,
					/usr/local/opt/openssl/include,
				);
				INSTALL_PATH = "";
				OTHER_LDFLAGS = " ";
				OTHER_REZFLAGS = "";
				PRODUCT_NAME = ALL_BUILD;
				SECTORDER_FLAGS = "";
				SYMROOT = "/Users/alan.gordon/Documents/Alan/SelfDrivingCarEngineer/Term3/Project1/CarND-Path-Planning-Project";
				USE_HEADERMAP = NO;
				WARNING_CFLAGS = (
					"-Wmost",
					"-Wno-four-char-constants",
					"-Wno-unknown-pragmas",
					"$(inherited)",
				);
			};
			name = Debug;
		};
		2A191E1572F0416A88B32D6B /* Release */ = {
			isa = XCBuildConfiguration;
			buildSettings = {
				COMBINE_HIDPI_IMAGES = YES;
				GCC_GENERATE_DEBUGGING_SYMBOLS = YES;
				GCC_INLINES_ARE_PRIVATE_EXTERN = NO;
				GCC_OPTIMIZATION_LEVEL = 0;
				GCC_PREPROCESSOR_DEFINITIONS = "'CMAKE_INTDIR=\"$(CONFIGURATION)$(EFFECTIVE_PLATFORM_NAME)\"'";
				GCC_SYMBOLS_PRIVATE_EXTERN = NO;
				HEADER_SEARCH_PATHS = (
					/usr/local/include,
					/usr/local/opt/openssl/include,
				);
				INSTALL_PATH = "";
				OTHER_LDFLAGS = " ";
				OTHER_REZFLAGS = "";
				PRODUCT_NAME = ALL_BUILD;
				SECTORDER_FLAGS = "";
				SYMROOT = "/Users/alan.gordon/Documents/Alan/SelfDrivingCarEngineer/Term3/Project1/CarND-Path-Planning-Project";
				USE_HEADERMAP = NO;
				WARNING_CFLAGS = (
					"-Wmost",
					"-Wno-four-char-constants",
					"-Wno-unknown-pragmas",
					"$(inherited)",
				);
			};
			name = Release;
		};
		2A36BA7BEBA9406D866AEBBF /* RelWithDebInfo */ = {
			isa = XCBuildConfiguration;
			buildSettings = {
				COMBINE_HIDPI_IMAGES = YES;
				GCC_GENERATE_DEBUGGING_SYMBOLS = YES;
				GCC_INLINES_ARE_PRIVATE_EXTERN = NO;
				GCC_OPTIMIZATION_LEVEL = 0;
				GCC_PREPROCESSOR_DEFINITIONS = "'CMAKE_INTDIR=\"$(CONFIGURATION)$(EFFECTIVE_PLATFORM_NAME)\"'";
				GCC_SYMBOLS_PRIVATE_EXTERN = NO;
				HEADER_SEARCH_PATHS = (
					/usr/local/include,
					/usr/local/opt/openssl/include,
				);
				INSTALL_PATH = "";
				OTHER_LDFLAGS = " ";
				OTHER_REZFLAGS = "";
				PRODUCT_NAME = ZERO_CHECK;
				SECTORDER_FLAGS = "";
				SYMROOT = "/Users/alan.gordon/Documents/Alan/SelfDrivingCarEngineer/Term3/Project1/CarND-Path-Planning-Project";
				USE_HEADERMAP = NO;
				WARNING_CFLAGS = (
					"-Wmost",
					"-Wno-four-char-constants",
					"-Wno-unknown-pragmas",
					"$(inherited)",
				);
			};
			name = RelWithDebInfo;
		};
		2EDB16F126154ADEBFEF9C45 /* Release */ = {
			isa = XCBuildConfiguration;
			buildSettings = {
				COMBINE_HIDPI_IMAGES = YES;
				GCC_GENERATE_DEBUGGING_SYMBOLS = YES;
				GCC_INLINES_ARE_PRIVATE_EXTERN = NO;
				GCC_OPTIMIZATION_LEVEL = 0;
				GCC_PREPROCESSOR_DEFINITIONS = "'CMAKE_INTDIR=\"$(CONFIGURATION)$(EFFECTIVE_PLATFORM_NAME)\"'";
				GCC_SYMBOLS_PRIVATE_EXTERN = NO;
				HEADER_SEARCH_PATHS = (
					/usr/local/include,
					/usr/local/opt/openssl/include,
				);
				INSTALL_PATH = "";
				OTHER_LDFLAGS = " ";
				OTHER_REZFLAGS = "";
				PRODUCT_NAME = ZERO_CHECK;
				SECTORDER_FLAGS = "";
				SYMROOT = "/Users/alan.gordon/Documents/Alan/SelfDrivingCarEngineer/Term3/Project1/CarND-Path-Planning-Project";
				USE_HEADERMAP = NO;
				WARNING_CFLAGS = (
					"-Wmost",
					"-Wno-four-char-constants",
					"-Wno-unknown-pragmas",
					"$(inherited)",
				);
			};
			name = Release;
		};
		41486E47A0D743F4BD4894FB /* Debug */ = {
			isa = XCBuildConfiguration;
			buildSettings = {
				COMBINE_HIDPI_IMAGES = YES;
				EXECUTABLE_PREFIX = "";
				EXECUTABLE_SUFFIX = "";
				GCC_GENERATE_DEBUGGING_SYMBOLS = YES;
				GCC_INLINES_ARE_PRIVATE_EXTERN = NO;
				GCC_OPTIMIZATION_LEVEL = 0;
				GCC_PREPROCESSOR_DEFINITIONS = "'CMAKE_INTDIR=\"$(CONFIGURATION)$(EFFECTIVE_PLATFORM_NAME)\"'";
				GCC_SYMBOLS_PRIVATE_EXTERN = NO;
				HEADER_SEARCH_PATHS = (
					/usr/local/include,
					/usr/local/opt/openssl/include,
				);
				INSTALL_PATH = "";
				LD_RUNPATH_SEARCH_PATHS = "/usr/local/lib /usr/local/opt/openssl/lib /usr/local/Cellar/libuv/1.11.0/lib";
				LIBRARY_SEARCH_PATHS = (
					"/usr/local/lib/$(CONFIGURATION)$(EFFECTIVE_PLATFORM_NAME)",
					/usr/local/lib,
					"/usr/local/opt/openssl/lib/$(CONFIGURATION)$(EFFECTIVE_PLATFORM_NAME)",
					/usr/local/opt/openssl/lib,
					"/usr/local/Cellar/libuv/1.11.0/lib/$(CONFIGURATION)$(EFFECTIVE_PLATFORM_NAME)",
					/usr/local/Cellar/libuv/1.11.0/lib,
				);
				OTHER_CPLUSPLUSFLAGS = "     -std=c++11";
				OTHER_LDFLAGS = (
					"-Wl,-search_paths_first",
					"-Wl,-headerpad_max_install_names",
					"-lz",
					"-lssl",
					"-luv",
					"-luWS",
				);
				OTHER_REZFLAGS = "";
				PRODUCT_NAME = path_planning;
				SECTORDER_FLAGS = "";
				SYMROOT = "/Users/alan.gordon/Documents/Alan/SelfDrivingCarEngineer/Term3/Project1/CarND-Path-Planning-Project";
				USE_HEADERMAP = NO;
				WARNING_CFLAGS = (
					"-Wmost",
					"-Wno-four-char-constants",
					"-Wno-unknown-pragmas",
					"$(inherited)",
				);
			};
			name = Debug;
		};
		454A13092B4C445D8117FDCD /* MinSizeRel */ = {
			isa = XCBuildConfiguration;
			buildSettings = {
				COMBINE_HIDPI_IMAGES = YES;
				GCC_GENERATE_DEBUGGING_SYMBOLS = YES;
				GCC_INLINES_ARE_PRIVATE_EXTERN = NO;
				GCC_OPTIMIZATION_LEVEL = 0;
				GCC_PREPROCESSOR_DEFINITIONS = "'CMAKE_INTDIR=\"$(CONFIGURATION)$(EFFECTIVE_PLATFORM_NAME)\"'";
				GCC_SYMBOLS_PRIVATE_EXTERN = NO;
				HEADER_SEARCH_PATHS = (
					/usr/local/include,
					/usr/local/opt/openssl/include,
				);
				INSTALL_PATH = "";
				OTHER_LDFLAGS = " ";
				OTHER_REZFLAGS = "";
				PRODUCT_NAME = ALL_BUILD;
				SECTORDER_FLAGS = "";
				SYMROOT = "/Users/alan.gordon/Documents/Alan/SelfDrivingCarEngineer/Term3/Project1/CarND-Path-Planning-Project";
				USE_HEADERMAP = NO;
				WARNING_CFLAGS = (
					"-Wmost",
					"-Wno-four-char-constants",
					"-Wno-unknown-pragmas",
					"$(inherited)",
				);
			};
			name = MinSizeRel;
		};
		48F4AF059BA04B1D909C186F /* Debug */ = {
			isa = XCBuildConfiguration;
			buildSettings = {
				COMBINE_HIDPI_IMAGES = YES;
				GCC_GENERATE_DEBUGGING_SYMBOLS = YES;
				GCC_INLINES_ARE_PRIVATE_EXTERN = NO;
				GCC_OPTIMIZATION_LEVEL = 0;
				GCC_PREPROCESSOR_DEFINITIONS = "'CMAKE_INTDIR=\"$(CONFIGURATION)$(EFFECTIVE_PLATFORM_NAME)\"'";
				GCC_SYMBOLS_PRIVATE_EXTERN = NO;
				HEADER_SEARCH_PATHS = (
					/usr/local/include,
					/usr/local/opt/openssl/include,
				);
				INSTALL_PATH = "";
				OTHER_LDFLAGS = " ";
				OTHER_REZFLAGS = "";
				PRODUCT_NAME = ZERO_CHECK;
				SECTORDER_FLAGS = "";
				SYMROOT = "/Users/alan.gordon/Documents/Alan/SelfDrivingCarEngineer/Term3/Project1/CarND-Path-Planning-Project";
				USE_HEADERMAP = NO;
				WARNING_CFLAGS = (
					"-Wmost",
					"-Wno-four-char-constants",
					"-Wno-unknown-pragmas",
					"$(inherited)",
				);
			};
			name = Debug;
		};
		5C3005CA860F472890FA733A /* Debug */ = {
			isa = XCBuildConfiguration;
			buildSettings = {
				MACOSX_DEPLOYMENT_TARGET = 10.12;
				ONLY_ACTIVE_ARCH = YES;
				SDKROOT = /Applications/Xcode.app/Contents/Developer/Platforms/MacOSX.platform/Developer/SDKs/MacOSX10.13.sdk;
				SYMROOT = "/Users/alan.gordon/Documents/Alan/SelfDrivingCarEngineer/Term3/Project1/CarND-Path-Planning-Project/build";
			};
			name = Debug;
		};
		6E6CE10786F04C98A85AC08E /* Release */ = {
			isa = XCBuildConfiguration;
			buildSettings = {
				MACOSX_DEPLOYMENT_TARGET = 10.12;
				ONLY_ACTIVE_ARCH = YES;
				SDKROOT = /Applications/Xcode.app/Contents/Developer/Platforms/MacOSX.platform/Developer/SDKs/MacOSX10.13.sdk;
				SYMROOT = "/Users/alan.gordon/Documents/Alan/SelfDrivingCarEngineer/Term3/Project1/CarND-Path-Planning-Project/build";
			};
			name = Release;
		};
		70F9024C8D23407A9BCBB1F2 /* RelWithDebInfo */ = {
			isa = XCBuildConfiguration;
			buildSettings = {
				COMBINE_HIDPI_IMAGES = YES;
				EXECUTABLE_PREFIX = "";
				EXECUTABLE_SUFFIX = "";
				GCC_GENERATE_DEBUGGING_SYMBOLS = YES;
				GCC_INLINES_ARE_PRIVATE_EXTERN = NO;
				GCC_OPTIMIZATION_LEVEL = 2;
				GCC_PREPROCESSOR_DEFINITIONS = "'CMAKE_INTDIR=\"$(CONFIGURATION)$(EFFECTIVE_PLATFORM_NAME)\"'";
				GCC_SYMBOLS_PRIVATE_EXTERN = NO;
				HEADER_SEARCH_PATHS = (
					/usr/local/include,
					/usr/local/opt/openssl/include,
				);
				INSTALL_PATH = "";
				LD_RUNPATH_SEARCH_PATHS = "/usr/local/lib /usr/local/opt/openssl/lib /usr/local/Cellar/libuv/1.11.0/lib";
				LIBRARY_SEARCH_PATHS = (
					"/usr/local/lib/$(CONFIGURATION)$(EFFECTIVE_PLATFORM_NAME)",
					/usr/local/lib,
					"/usr/local/opt/openssl/lib/$(CONFIGURATION)$(EFFECTIVE_PLATFORM_NAME)",
					/usr/local/opt/openssl/lib,
					"/usr/local/Cellar/libuv/1.11.0/lib/$(CONFIGURATION)$(EFFECTIVE_PLATFORM_NAME)",
					/usr/local/Cellar/libuv/1.11.0/lib,
				);
				OTHER_CPLUSPLUSFLAGS = (
					"-DNDEBUG",
					"-std=c++11",
				);
				OTHER_LDFLAGS = (
					"-Wl,-search_paths_first",
					"-Wl,-headerpad_max_install_names",
					"-lz",
					"-lssl",
					"-luv",
					"-luWS",
				);
				OTHER_REZFLAGS = "";
				PRODUCT_NAME = path_planning;
				SECTORDER_FLAGS = "";
				SYMROOT = "/Users/alan.gordon/Documents/Alan/SelfDrivingCarEngineer/Term3/Project1/CarND-Path-Planning-Project";
				USE_HEADERMAP = NO;
				WARNING_CFLAGS = (
					"-Wmost",
					"-Wno-four-char-constants",
					"-Wno-unknown-pragmas",
					"$(inherited)",
				);
			};
			name = RelWithDebInfo;
		};
		86C8AE1B18054E039B664129 /* MinSizeRel */ = {
			isa = XCBuildConfiguration;
			buildSettings = {
				COMBINE_HIDPI_IMAGES = YES;
				EXECUTABLE_PREFIX = "";
				EXECUTABLE_SUFFIX = "";
				GCC_GENERATE_DEBUGGING_SYMBOLS = NO;
				GCC_INLINES_ARE_PRIVATE_EXTERN = NO;
				GCC_OPTIMIZATION_LEVEL = s;
				GCC_PREPROCESSOR_DEFINITIONS = "'CMAKE_INTDIR=\"$(CONFIGURATION)$(EFFECTIVE_PLATFORM_NAME)\"'";
				GCC_SYMBOLS_PRIVATE_EXTERN = NO;
				HEADER_SEARCH_PATHS = (
					/usr/local/include,
					/usr/local/opt/openssl/include,
				);
				INSTALL_PATH = "";
				LD_RUNPATH_SEARCH_PATHS = "/usr/local/lib /usr/local/opt/openssl/lib /usr/local/Cellar/libuv/1.11.0/lib";
				LIBRARY_SEARCH_PATHS = (
					"/usr/local/lib/$(CONFIGURATION)$(EFFECTIVE_PLATFORM_NAME)",
					/usr/local/lib,
					"/usr/local/opt/openssl/lib/$(CONFIGURATION)$(EFFECTIVE_PLATFORM_NAME)",
					/usr/local/opt/openssl/lib,
					"/usr/local/Cellar/libuv/1.11.0/lib/$(CONFIGURATION)$(EFFECTIVE_PLATFORM_NAME)",
					/usr/local/Cellar/libuv/1.11.0/lib,
				);
				OTHER_CPLUSPLUSFLAGS = (
					"-DNDEBUG",
					"-std=c++11",
				);
				OTHER_LDFLAGS = (
					"-Wl,-search_paths_first",
					"-Wl,-headerpad_max_install_names",
					"-lz",
					"-lssl",
					"-luv",
					"-luWS",
				);
				OTHER_REZFLAGS = "";
				PRODUCT_NAME = path_planning;
				SECTORDER_FLAGS = "";
				SYMROOT = "/Users/alan.gordon/Documents/Alan/SelfDrivingCarEngineer/Term3/Project1/CarND-Path-Planning-Project";
				USE_HEADERMAP = NO;
				WARNING_CFLAGS = (
					"-Wmost",
					"-Wno-four-char-constants",
					"-Wno-unknown-pragmas",
					"$(inherited)",
				);
			};
			name = MinSizeRel;
		};
		930CB331852A477C86BBBED2 /* MinSizeRel */ = {
			isa = XCBuildConfiguration;
			buildSettings = {
				COMBINE_HIDPI_IMAGES = YES;
				GCC_GENERATE_DEBUGGING_SYMBOLS = YES;
				GCC_INLINES_ARE_PRIVATE_EXTERN = NO;
				GCC_OPTIMIZATION_LEVEL = 0;
				GCC_PREPROCESSOR_DEFINITIONS = "'CMAKE_INTDIR=\"$(CONFIGURATION)$(EFFECTIVE_PLATFORM_NAME)\"'";
				GCC_SYMBOLS_PRIVATE_EXTERN = NO;
				HEADER_SEARCH_PATHS = (
					/usr/local/include,
					/usr/local/opt/openssl/include,
				);
				INSTALL_PATH = "";
				OTHER_LDFLAGS = " ";
				OTHER_REZFLAGS = "";
				PRODUCT_NAME = ZERO_CHECK;
				SECTORDER_FLAGS = "";
				SYMROOT = "/Users/alan.gordon/Documents/Alan/SelfDrivingCarEngineer/Term3/Project1/CarND-Path-Planning-Project";
				USE_HEADERMAP = NO;
				WARNING_CFLAGS = (
					"-Wmost",
					"-Wno-four-char-constants",
					"-Wno-unknown-pragmas",
					"$(inherited)",
				);
			};
			name = MinSizeRel;
		};
		94EB44AFF47E4CA0BA254294 /* MinSizeRel */ = {
			isa = XCBuildConfiguration;
			buildSettings = {
				MACOSX_DEPLOYMENT_TARGET = 10.12;
				ONLY_ACTIVE_ARCH = YES;
				SDKROOT = /Applications/Xcode.app/Contents/Developer/Platforms/MacOSX.platform/Developer/SDKs/MacOSX10.13.sdk;
				SYMROOT = "/Users/alan.gordon/Documents/Alan/SelfDrivingCarEngineer/Term3/Project1/CarND-Path-Planning-Project/build";
			};
			name = MinSizeRel;
		};
		A234870EECF747419E7AACDF /* RelWithDebInfo */ = {
			isa = XCBuildConfiguration;
			buildSettings = {
				COMBINE_HIDPI_IMAGES = YES;
				GCC_GENERATE_DEBUGGING_SYMBOLS = YES;
				GCC_INLINES_ARE_PRIVATE_EXTERN = NO;
				GCC_OPTIMIZATION_LEVEL = 0;
				GCC_PREPROCESSOR_DEFINITIONS = "'CMAKE_INTDIR=\"$(CONFIGURATION)$(EFFECTIVE_PLATFORM_NAME)\"'";
				GCC_SYMBOLS_PRIVATE_EXTERN = NO;
				HEADER_SEARCH_PATHS = (
					/usr/local/include,
					/usr/local/opt/openssl/include,
				);
				INSTALL_PATH = "";
				OTHER_LDFLAGS = " ";
				OTHER_REZFLAGS = "";
				PRODUCT_NAME = ALL_BUILD;
				SECTORDER_FLAGS = "";
				SYMROOT = "/Users/alan.gordon/Documents/Alan/SelfDrivingCarEngineer/Term3/Project1/CarND-Path-Planning-Project";
				USE_HEADERMAP = NO;
				WARNING_CFLAGS = (
					"-Wmost",
					"-Wno-four-char-constants",
					"-Wno-unknown-pragmas",
					"$(inherited)",
				);
			};
			name = RelWithDebInfo;
		};
		E52C8F78551F40D7BFA0A1B5 /* RelWithDebInfo */ = {
			isa = XCBuildConfiguration;
			buildSettings = {
				MACOSX_DEPLOYMENT_TARGET = 10.12;
				ONLY_ACTIVE_ARCH = YES;
				SDKROOT = /Applications/Xcode.app/Contents/Developer/Platforms/MacOSX.platform/Developer/SDKs/MacOSX10.13.sdk;
				SYMROOT = "/Users/alan.gordon/Documents/Alan/SelfDrivingCarEngineer/Term3/Project1/CarND-Path-Planning-Project/build";
			};
			name = RelWithDebInfo;
		};
/* End XCBuildConfiguration section */

/* Begin XCConfigurationList section */
		21865F2812C74E6596C729A2 /* Build configuration list for PBXAggregateTarget "ALL_BUILD" */ = {
			isa = XCConfigurationList;
			buildConfigurations = (
				270A8602692D4126AFA4F2B2 /* Debug */,
				2A191E1572F0416A88B32D6B /* Release */,
				454A13092B4C445D8117FDCD /* MinSizeRel */,
				A234870EECF747419E7AACDF /* RelWithDebInfo */,
			);
			defaultConfigurationIsVisible = 0;
			defaultConfigurationName = Debug;
		};
		5D8EA2B4FF0E493AB1AF5F49 /* Build configuration list for PBXProject "Path_Planning" */ = {
			isa = XCConfigurationList;
			buildConfigurations = (
				5C3005CA860F472890FA733A /* Debug */,
				6E6CE10786F04C98A85AC08E /* Release */,
				94EB44AFF47E4CA0BA254294 /* MinSizeRel */,
				E52C8F78551F40D7BFA0A1B5 /* RelWithDebInfo */,
			);
			defaultConfigurationIsVisible = 0;
			defaultConfigurationName = Debug;
		};
		BF86AA2AFE314D58B77AFFF8 /* Build configuration list for PBXAggregateTarget "ZERO_CHECK" */ = {
			isa = XCConfigurationList;
			buildConfigurations = (
				48F4AF059BA04B1D909C186F /* Debug */,
				2EDB16F126154ADEBFEF9C45 /* Release */,
				930CB331852A477C86BBBED2 /* MinSizeRel */,
				2A36BA7BEBA9406D866AEBBF /* RelWithDebInfo */,
			);
			defaultConfigurationIsVisible = 0;
			defaultConfigurationName = Debug;
		};
		C3BC80FA88EA49788E74CE45 /* Build configuration list for PBXNativeTarget "path_planning" */ = {
			isa = XCConfigurationList;
			buildConfigurations = (
				41486E47A0D743F4BD4894FB /* Debug */,
				0B43C756AB7F42BD92A47A12 /* Release */,
				86C8AE1B18054E039B664129 /* MinSizeRel */,
				70F9024C8D23407A9BCBB1F2 /* RelWithDebInfo */,
			);
			defaultConfigurationIsVisible = 0;
			defaultConfigurationName = Debug;
		};
/* End XCConfigurationList section */
	};
	rootObject = ED4A0C72F9F2491DA1E5A6B8 /* Project object */;
}
